// !$*UTF8*$!
{
	archiveVersion = 1;
	classes = {
	};
	objectVersion = 50;
	objects = {

/* Begin PBXBuildFile section */
		9422104E243C440100D73D69 /* DefaultInstance.m in Sources */ = {isa = PBXBuildFile; fileRef = 9422104D243C440100D73D69 /* DefaultInstance.m */; };
		94D5F4BF243B445000522708 /* AppDelegate.m in Sources */ = {isa = PBXBuildFile; fileRef = 94D5F4BE243B445000522708 /* AppDelegate.m */; };
		94D5F4C2243B445000522708 /* SceneDelegate.m in Sources */ = {isa = PBXBuildFile; fileRef = 94D5F4C1243B445000522708 /* SceneDelegate.m */; };
		94D5F4C5243B445000522708 /* ViewController.m in Sources */ = {isa = PBXBuildFile; fileRef = 94D5F4C4243B445000522708 /* ViewController.m */; };
		94D5F4C8243B445000522708 /* Main.storyboard in Resources */ = {isa = PBXBuildFile; fileRef = 94D5F4C6243B445000522708 /* Main.storyboard */; };
		94D5F4CA243B445300522708 /* Assets.xcassets in Resources */ = {isa = PBXBuildFile; fileRef = 94D5F4C9243B445300522708 /* Assets.xcassets */; };
		94D5F4CD243B445300522708 /* LaunchScreen.storyboard in Resources */ = {isa = PBXBuildFile; fileRef = 94D5F4CB243B445300522708 /* LaunchScreen.storyboard */; };
		94D5F4D0243B445300522708 /* main.m in Sources */ = {isa = PBXBuildFile; fileRef = 94D5F4CF243B445300522708 /* main.m */; };
		94D5F4DA243B445300522708 /* pathValueDemoTests.m in Sources */ = {isa = PBXBuildFile; fileRef = 94D5F4D9243B445300522708 /* pathValueDemoTests.m */; };
		94D5F4E5243B445300522708 /* pathValueDemoUITests.m in Sources */ = {isa = PBXBuildFile; fileRef = 94D5F4E4243B445300522708 /* pathValueDemoUITests.m */; };
		94D5F4F4243B44B600522708 /* NextViewController.m in Sources */ = {isa = PBXBuildFile; fileRef = 94D5F4F3243B44B600522708 /* NextViewController.m */; };
/* End PBXBuildFile section */

/* Begin PBXContainerItemProxy section */
		94D5F4D6243B445300522708 /* PBXContainerItemProxy */ = {
			isa = PBXContainerItemProxy;
			containerPortal = 94D5F4B2243B445000522708 /* Project object */;
			proxyType = 1;
			remoteGlobalIDString = 94D5F4B9243B445000522708;
			remoteInfo = pathValueDemo;
		};
		94D5F4E1243B445300522708 /* PBXContainerItemProxy */ = {
			isa = PBXContainerItemProxy;
			containerPortal = 94D5F4B2243B445000522708 /* Project object */;
			proxyType = 1;
			remoteGlobalIDString = 94D5F4B9243B445000522708;
			remoteInfo = pathValueDemo;
		};
/* End PBXContainerItemProxy section */

/* Begin PBXFileReference section */
		9422104C243C440100D73D69 /* DefaultInstance.h */ = {isa = PBXFileReference; lastKnownFileType = sourcecode.c.h; path = DefaultInstance.h; sourceTree = "<group>"; };
		9422104D243C440100D73D69 /* DefaultInstance.m */ = {isa = PBXFileReference; lastKnownFileType = sourcecode.c.objc; path = DefaultInstance.m; sourceTree = "<group>"; };
		94D5F4BA243B445000522708 /* pathValueDemo.app */ = {isa = PBXFileReference; explicitFileType = wrapper.application; includeInIndex = 0; path = pathValueDemo.app; sourceTree = BUILT_PRODUCTS_DIR; };
		94D5F4BD243B445000522708 /* AppDelegate.h */ = {isa = PBXFileReference; lastKnownFileType = sourcecode.c.h; path = AppDelegate.h; sourceTree = "<group>"; };
		94D5F4BE243B445000522708 /* AppDelegate.m */ = {isa = PBXFileReference; lastKnownFileType = sourcecode.c.objc; path = AppDelegate.m; sourceTree = "<group>"; };
		94D5F4C0243B445000522708 /* SceneDelegate.h */ = {isa = PBXFileReference; lastKnownFileType = sourcecode.c.h; path = SceneDelegate.h; sourceTree = "<group>"; };
		94D5F4C1243B445000522708 /* SceneDelegate.m */ = {isa = PBXFileReference; lastKnownFileType = sourcecode.c.objc; path = SceneDelegate.m; sourceTree = "<group>"; };
		94D5F4C3243B445000522708 /* ViewController.h */ = {isa = PBXFileReference; lastKnownFileType = sourcecode.c.h; path = ViewController.h; sourceTree = "<group>"; };
		94D5F4C4243B445000522708 /* ViewController.m */ = {isa = PBXFileReference; lastKnownFileType = sourcecode.c.objc; path = ViewController.m; sourceTree = "<group>"; };
		94D5F4C7243B445000522708 /* Base */ = {isa = PBXFileReference; lastKnownFileType = file.storyboard; name = Base; path = Base.lproj/Main.storyboard; sourceTree = "<group>"; };
		94D5F4C9243B445300522708 /* Assets.xcassets */ = {isa = PBXFileReference; lastKnownFileType = folder.assetcatalog; path = Assets.xcassets; sourceTree = "<group>"; };
		94D5F4CC243B445300522708 /* Base */ = {isa = PBXFileReference; lastKnownFileType = file.storyboard; name = Base; path = Base.lproj/LaunchScreen.storyboard; sourceTree = "<group>"; };
		94D5F4CE243B445300522708 /* Info.plist */ = {isa = PBXFileReference; lastKnownFileType = text.plist.xml; path = Info.plist; sourceTree = "<group>"; };
		94D5F4CF243B445300522708 /* main.m */ = {isa = PBXFileReference; lastKnownFileType = sourcecode.c.objc; path = main.m; sourceTree = "<group>"; };
		94D5F4D5243B445300522708 /* pathValueDemoTests.xctest */ = {isa = PBXFileReference; explicitFileType = wrapper.cfbundle; includeInIndex = 0; path = pathValueDemoTests.xctest; sourceTree = BUILT_PRODUCTS_DIR; };
		94D5F4D9243B445300522708 /* pathValueDemoTests.m */ = {isa = PBXFileReference; lastKnownFileType = sourcecode.c.objc; path = pathValueDemoTests.m; sourceTree = "<group>"; };
		94D5F4DB243B445300522708 /* Info.plist */ = {isa = PBXFileReference; lastKnownFileType = text.plist.xml; path = Info.plist; sourceTree = "<group>"; };
		94D5F4E0243B445300522708 /* pathValueDemoUITests.xctest */ = {isa = PBXFileReference; explicitFileType = wrapper.cfbundle; includeInIndex = 0; path = pathValueDemoUITests.xctest; sourceTree = BUILT_PRODUCTS_DIR; };
		94D5F4E4243B445300522708 /* pathValueDemoUITests.m */ = {isa = PBXFileReference; lastKnownFileType = sourcecode.c.objc; path = pathValueDemoUITests.m; sourceTree = "<group>"; };
		94D5F4E6243B445300522708 /* Info.plist */ = {isa = PBXFileReference; lastKnownFileType = text.plist.xml; path = Info.plist; sourceTree = "<group>"; };
		94D5F4F2243B44B600522708 /* NextViewController.h */ = {isa = PBXFileReference; lastKnownFileType = sourcecode.c.h; path = NextViewController.h; sourceTree = "<group>"; };
		94D5F4F3243B44B600522708 /* NextViewController.m */ = {isa = PBXFileReference; lastKnownFileType = sourcecode.c.objc; path = NextViewController.m; sourceTree = "<group>"; };
/* End PBXFileReference section */

/* Begin PBXFrameworksBuildPhase section */
		94D5F4B7243B445000522708 /* Frameworks */ = {
			isa = PBXFrameworksBuildPhase;
			buildActionMask = 2147483647;
			files = (
			);
			runOnlyForDeploymentPostprocessing = 0;
		};
		94D5F4D2243B445300522708 /* Frameworks */ = {
			isa = PBXFrameworksBuildPhase;
			buildActionMask = 2147483647;
			files = (
			);
			runOnlyForDeploymentPostprocessing = 0;
		};
		94D5F4DD243B445300522708 /* Frameworks */ = {
			isa = PBXFrameworksBuildPhase;
			buildActionMask = 2147483647;
			files = (
			);
			runOnlyForDeploymentPostprocessing = 0;
		};
/* End PBXFrameworksBuildPhase section */

/* Begin PBXGroup section */
		94D5F4B1243B445000522708 = {
			isa = PBXGroup;
			children = (
				94D5F4BC243B445000522708 /* pathValueDemo */,
				94D5F4D8243B445300522708 /* pathValueDemoTests */,
				94D5F4E3243B445300522708 /* pathValueDemoUITests */,
				94D5F4BB243B445000522708 /* Products */,
			);
			sourceTree = "<group>";
		};
		94D5F4BB243B445000522708 /* Products */ = {
			isa = PBXGroup;
			children = (
				94D5F4BA243B445000522708 /* pathValueDemo.app */,
				94D5F4D5243B445300522708 /* pathValueDemoTests.xctest */,
				94D5F4E0243B445300522708 /* pathValueDemoUITests.xctest */,
			);
			name = Products;
			sourceTree = "<group>";
		};
		94D5F4BC243B445000522708 /* pathValueDemo */ = {
			isa = PBXGroup;
			children = (
				94D5F4BD243B445000522708 /* AppDelegate.h */,
				94D5F4BE243B445000522708 /* AppDelegate.m */,
				94D5F4C0243B445000522708 /* SceneDelegate.h */,
				94D5F4C1243B445000522708 /* SceneDelegate.m */,
				94D5F4F2243B44B600522708 /* NextViewController.h */,
				94D5F4F3243B44B600522708 /* NextViewController.m */,
				94D5F4C3243B445000522708 /* ViewController.h */,
				94D5F4C4243B445000522708 /* ViewController.m */,
				94D5F4C6243B445000522708 /* Main.storyboard */,
				94D5F4C9243B445300522708 /* Assets.xcassets */,
				94D5F4CB243B445300522708 /* LaunchScreen.storyboard */,
				94D5F4CE243B445300522708 /* Info.plist */,
				94D5F4CF243B445300522708 /* main.m */,
				9422104C243C440100D73D69 /* DefaultInstance.h */,
				9422104D243C440100D73D69 /* DefaultInstance.m */,
			);
			path = pathValueDemo;
			sourceTree = "<group>";
		};
		94D5F4D8243B445300522708 /* pathValueDemoTests */ = {
			isa = PBXGroup;
			children = (
				94D5F4D9243B445300522708 /* pathValueDemoTests.m */,
				94D5F4DB243B445300522708 /* Info.plist */,
			);
			path = pathValueDemoTests;
			sourceTree = "<group>";
		};
		94D5F4E3243B445300522708 /* pathValueDemoUITests */ = {
			isa = PBXGroup;
			children = (
				94D5F4E4243B445300522708 /* pathValueDemoUITests.m */,
				94D5F4E6243B445300522708 /* Info.plist */,
			);
			path = pathValueDemoUITests;
			sourceTree = "<group>";
		};
/* End PBXGroup section */

/* Begin PBXNativeTarget section */
		94D5F4B9243B445000522708 /* pathValueDemo */ = {
			isa = PBXNativeTarget;
			buildConfigurationList = 94D5F4E9243B445300522708 /* Build configuration list for PBXNativeTarget "pathValueDemo" */;
			buildPhases = (
				94D5F4B6243B445000522708 /* Sources */,
				94D5F4B7243B445000522708 /* Frameworks */,
				94D5F4B8243B445000522708 /* Resources */,
			);
			buildRules = (
			);
			dependencies = (
			);
			name = pathValueDemo;
			productName = pathValueDemo;
			productReference = 94D5F4BA243B445000522708 /* pathValueDemo.app */;
			productType = "com.apple.product-type.application";
		};
		94D5F4D4243B445300522708 /* pathValueDemoTests */ = {
			isa = PBXNativeTarget;
			buildConfigurationList = 94D5F4EC243B445300522708 /* Build configuration list for PBXNativeTarget "pathValueDemoTests" */;
			buildPhases = (
				94D5F4D1243B445300522708 /* Sources */,
				94D5F4D2243B445300522708 /* Frameworks */,
				94D5F4D3243B445300522708 /* Resources */,
			);
			buildRules = (
			);
			dependencies = (
				94D5F4D7243B445300522708 /* PBXTargetDependency */,
			);
			name = pathValueDemoTests;
			productName = pathValueDemoTests;
			productReference = 94D5F4D5243B445300522708 /* pathValueDemoTests.xctest */;
			productType = "com.apple.product-type.bundle.unit-test";
		};
		94D5F4DF243B445300522708 /* pathValueDemoUITests */ = {
			isa = PBXNativeTarget;
			buildConfigurationList = 94D5F4EF243B445300522708 /* Build configuration list for PBXNativeTarget "pathValueDemoUITests" */;
			buildPhases = (
				94D5F4DC243B445300522708 /* Sources */,
				94D5F4DD243B445300522708 /* Frameworks */,
				94D5F4DE243B445300522708 /* Resources */,
			);
			buildRules = (
			);
			dependencies = (
				94D5F4E2243B445300522708 /* PBXTargetDependency */,
			);
			name = pathValueDemoUITests;
			productName = pathValueDemoUITests;
			productReference = 94D5F4E0243B445300522708 /* pathValueDemoUITests.xctest */;
			productType = "com.apple.product-type.bundle.ui-testing";
		};
/* End PBXNativeTarget section */

/* Begin PBXProject section */
		94D5F4B2243B445000522708 /* Project object */ = {
			isa = PBXProject;
			attributes = {
				LastUpgradeCheck = 1140;
				ORGANIZATIONNAME = "志良潘";
				TargetAttributes = {
					94D5F4B9243B445000522708 = {
						CreatedOnToolsVersion = 11.4;
					};
					94D5F4D4243B445300522708 = {
						CreatedOnToolsVersion = 11.4;
						TestTargetID = 94D5F4B9243B445000522708;
					};
					94D5F4DF243B445300522708 = {
						CreatedOnToolsVersion = 11.4;
						TestTargetID = 94D5F4B9243B445000522708;
					};
				};
			};
			buildConfigurationList = 94D5F4B5243B445000522708 /* Build configuration list for PBXProject "pathValueDemo" */;
			compatibilityVersion = "Xcode 9.3";
			developmentRegion = en;
			hasScannedForEncodings = 0;
			knownRegions = (
				en,
				Base,
			);
			mainGroup = 94D5F4B1243B445000522708;
			productRefGroup = 94D5F4BB243B445000522708 /* Products */;
			projectDirPath = "";
			projectRoot = "";
			targets = (
				94D5F4B9243B445000522708 /* pathValueDemo */,
				94D5F4D4243B445300522708 /* pathValueDemoTests */,
				94D5F4DF243B445300522708 /* pathValueDemoUITests */,
			);
		};
/* End PBXProject section */

/* Begin PBXResourcesBuildPhase section */
		94D5F4B8243B445000522708 /* Resources */ = {
			isa = PBXResourcesBuildPhase;
			buildActionMask = 2147483647;
			files = (
				94D5F4CD243B445300522708 /* LaunchScreen.storyboard in Resources */,
				94D5F4CA243B445300522708 /* Assets.xcassets in Resources */,
				94D5F4C8243B445000522708 /* Main.storyboard in Resources */,
			);
			runOnlyForDeploymentPostprocessing = 0;
		};
		94D5F4D3243B445300522708 /* Resources */ = {
			isa = PBXResourcesBuildPhase;
			buildActionMask = 2147483647;
			files = (
			);
			runOnlyForDeploymentPostprocessing = 0;
		};
		94D5F4DE243B445300522708 /* Resources */ = {
			isa = PBXResourcesBuildPhase;
			buildActionMask = 2147483647;
			files = (
			);
			runOnlyForDeploymentPostprocessing = 0;
		};
/* End PBXResourcesBuildPhase section */

/* Begin PBXSourcesBuildPhase section */
		94D5F4B6243B445000522708 /* Sources */ = {
			isa = PBXSourcesBuildPhase;
			buildActionMask = 2147483647;
			files = (
				9422104E243C440100D73D69 /* DefaultInstance.m in Sources */,
				94D5F4F4243B44B600522708 /* NextViewController.m in Sources */,
				94D5F4C5243B445000522708 /* ViewController.m in Sources */,
				94D5F4BF243B445000522708 /* AppDelegate.m in Sources */,
				94D5F4D0243B445300522708 /* main.m in Sources */,
				94D5F4C2243B445000522708 /* SceneDelegate.m in Sources */,
			);
			runOnlyForDeploymentPostprocessing = 0;
		};
		94D5F4D1243B445300522708 /* Sources */ = {
			isa = PBXSourcesBuildPhase;
			buildActionMask = 2147483647;
			files = (
				94D5F4DA243B445300522708 /* pathValueDemoTests.m in Sources */,
			);
			runOnlyForDeploymentPostprocessing = 0;
		};
		94D5F4DC243B445300522708 /* Sources */ = {
			isa = PBXSourcesBuildPhase;
			buildActionMask = 2147483647;
			files = (
				94D5F4E5243B445300522708 /* pathValueDemoUITests.m in Sources */,
			);
			runOnlyForDeploymentPostprocessing = 0;
		};
/* End PBXSourcesBuildPhase section */

/* Begin PBXTargetDependency section */
		94D5F4D7243B445300522708 /* PBXTargetDependency */ = {
			isa = PBXTargetDependency;
			target = 94D5F4B9243B445000522708 /* pathValueDemo */;
			targetProxy = 94D5F4D6243B445300522708 /* PBXContainerItemProxy */;
		};
		94D5F4E2243B445300522708 /* PBXTargetDependency */ = {
			isa = PBXTargetDependency;
			target = 94D5F4B9243B445000522708 /* pathValueDemo */;
			targetProxy = 94D5F4E1243B445300522708 /* PBXContainerItemProxy */;
		};
/* End PBXTargetDependency section */

/* Begin PBXVariantGroup section */
		94D5F4C6243B445000522708 /* Main.storyboard */ = {
			isa = PBXVariantGroup;
			children = (
				94D5F4C7243B445000522708 /* Base */,
			);
			name = Main.storyboard;
			sourceTree = "<group>";
		};
		94D5F4CB243B445300522708 /* LaunchScreen.storyboard */ = {
			isa = PBXVariantGroup;
			children = (
				94D5F4CC243B445300522708 /* Base */,
			);
			name = LaunchScreen.storyboard;
			sourceTree = "<group>";
		};
/* End PBXVariantGroup section */

/* Begin XCBuildConfiguration section */
		94D5F4E7243B445300522708 /* Debug */ = {
			isa = XCBuildConfiguration;
			buildSettings = {
				ALWAYS_SEARCH_USER_PATHS = NO;
				CLANG_ANALYZER_NONNULL = YES;
				CLANG_ANALYZER_NUMBER_OBJECT_CONVERSION = YES_AGGRESSIVE;
				CLANG_CXX_LANGUAGE_STANDARD = "gnu++14";
				CLANG_CXX_LIBRARY = "libc++";
				CLANG_ENABLE_MODULES = YES;
				CLANG_ENABLE_OBJC_ARC = YES;
				CLANG_ENABLE_OBJC_WEAK = YES;
				CLANG_WARN_BLOCK_CAPTURE_AUTORELEASING = YES;
				CLANG_WARN_BOOL_CONVERSION = YES;
				CLANG_WARN_COMMA = YES;
				CLANG_WARN_CONSTANT_CONVERSION = YES;
				CLANG_WARN_DEPRECATED_OBJC_IMPLEMENTATIONS = YES;
				CLANG_WARN_DIRECT_OBJC_ISA_USAGE = YES_ERROR;
				CLANG_WARN_DOCUMENTATION_COMMENTS = YES;
				CLANG_WARN_EMPTY_BODY = YES;
				CLANG_WARN_ENUM_CONVERSION = YES;
				CLANG_WARN_INFINITE_RECURSION = YES;
				CLANG_WARN_INT_CONVERSION = YES;
				CLANG_WARN_NON_LITERAL_NULL_CONVERSION = YES;
				CLANG_WARN_OBJC_IMPLICIT_RETAIN_SELF = YES;
				CLANG_WARN_OBJC_LITERAL_CONVERSION = YES;
				CLANG_WARN_OBJC_ROOT_CLASS = YES_ERROR;
				CLANG_WARN_RANGE_LOOP_ANALYSIS = YES;
				CLANG_WARN_STRICT_PROTOTYPES = YES;
				CLANG_WARN_SUSPICIOUS_MOVE = YES;
				CLANG_WARN_UNGUARDED_AVAILABILITY = YES_AGGRESSIVE;
				CLANG_WARN_UNREACHABLE_CODE = YES;
				CLANG_WARN__DUPLICATE_METHOD_MATCH = YES;
				COPY_PHASE_STRIP = NO;
				DEBUG_INFORMATION_FORMAT = dwarf;
				ENABLE_STRICT_OBJC_MSGSEND = YES;
				ENABLE_TESTABILITY = YES;
				GCC_C_LANGUAGE_STANDARD = gnu11;
				GCC_DYNAMIC_NO_PIC = NO;
				GCC_NO_COMMON_BLOCKS = YES;
				GCC_OPTIMIZATION_LEVEL = 0;
				GCC_PREPROCESSOR_DEFINITIONS = (
					"DEBUG=1",
					"$(inherited)",
				);
				GCC_WARN_64_TO_32_BIT_CONVERSION = YES;
				GCC_WARN_ABOUT_RETURN_TYPE = YES_ERROR;
				GCC_WARN_UNDECLARED_SELECTOR = YES;
				GCC_WARN_UNINITIALIZED_AUTOS = YES_AGGRESSIVE;
				GCC_WARN_UNUSED_FUNCTION = YES;
				GCC_WARN_UNUSED_VARIABLE = YES;
				IPHONEOS_DEPLOYMENT_TARGET = 13.1;
				MTL_ENABLE_DEBUG_INFO = INCLUDE_SOURCE;
				MTL_FAST_MATH = YES;
				ONLY_ACTIVE_ARCH = YES;
				SDKROOT = iphoneos;
			};
			name = Debug;
		};
		94D5F4E8243B445300522708 /* Release */ = {
			isa = XCBuildConfiguration;
			buildSettings = {
				ALWAYS_SEARCH_USER_PATHS = NO;
				CLANG_ANALYZER_NONNULL = YES;
				CLANG_ANALYZER_NUMBER_OBJECT_CONVERSION = YES_AGGRESSIVE;
				CLANG_CXX_LANGUAGE_STANDARD = "gnu++14";
				CLANG_CXX_LIBRARY = "libc++";
				CLANG_ENABLE_MODULES = YES;
				CLANG_ENABLE_OBJC_ARC = YES;
				CLANG_ENABLE_OBJC_WEAK = YES;
				CLANG_WARN_BLOCK_CAPTURE_AUTORELEASING = YES;
				CLANG_WARN_BOOL_CONVERSION = YES;
				CLANG_WARN_COMMA = YES;
				CLANG_WARN_CONSTANT_CONVERSION = YES;
				CLANG_WARN_DEPRECATED_OBJC_IMPLEMENTATIONS = YES;
				CLANG_WARN_DIRECT_OBJC_ISA_USAGE = YES_ERROR;
				CLANG_WARN_DOCUMENTATION_COMMENTS = YES;
				CLANG_WARN_EMPTY_BODY = YES;
				CLANG_WARN_ENUM_CONVERSION = YES;
				CLANG_WARN_INFINITE_RECURSION = YES;
				CLANG_WARN_INT_CONVERSION = YES;
				CLANG_WARN_NON_LITERAL_NULL_CONVERSION = YES;
				CLANG_WARN_OBJC_IMPLICIT_RETAIN_SELF = YES;
				CLANG_WARN_OBJC_LITERAL_CONVERSION = YES;
				CLANG_WARN_OBJC_ROOT_CLASS = YES_ERROR;
				CLANG_WARN_RANGE_LOOP_ANALYSIS = YES;
				CLANG_WARN_STRICT_PROTOTYPES = YES;
				CLANG_WARN_SUSPICIOUS_MOVE = YES;
				CLANG_WARN_UNGUARDED_AVAILABILITY = YES_AGGRESSIVE;
				CLANG_WARN_UNREACHABLE_CODE = YES;
				CLANG_WARN__DUPLICATE_METHOD_MATCH = YES;
				COPY_PHASE_STRIP = NO;
				DEBUG_INFORMATION_FORMAT = "dwarf-with-dsym";
				ENABLE_NS_ASSERTIONS = NO;
				ENABLE_STRICT_OBJC_MSGSEND = YES;
				GCC_C_LANGUAGE_STANDARD = gnu11;
				GCC_NO_COMMON_BLOCKS = YES;
				GCC_WARN_64_TO_32_BIT_CONVERSION = YES;
				GCC_WARN_ABOUT_RETURN_TYPE = YES_ERROR;
				GCC_WARN_UNDECLARED_SELECTOR = YES;
				GCC_WARN_UNINITIALIZED_AUTOS = YES_AGGRESSIVE;
				GCC_WARN_UNUSED_FUNCTION = YES;
				GCC_WARN_UNUSED_VARIABLE = YES;
				IPHONEOS_DEPLOYMENT_TARGET = 13.1;
				MTL_ENABLE_DEBUG_INFO = NO;
				MTL_FAST_MATH = YES;
				SDKROOT = iphoneos;
				VALIDATE_PRODUCT = YES;
			};
			name = Release;
		};
		94D5F4EA243B445300522708 /* Debug */ = {
			isa = XCBuildConfiguration;
			buildSettings = {
				ASSETCATALOG_COMPILER_APPICON_NAME = AppIcon;
				CODE_SIGN_STYLE = Automatic;
				DEVELOPMENT_TEAM = 98WF2PETE3;
				INFOPLIST_FILE = pathValueDemo/Info.plist;
				LD_RUNPATH_SEARCH_PATHS = (
					"$(inherited)",
					"@executable_path/Frameworks",
				);
				PRODUCT_BUNDLE_IDENTIFIER = com.blsmart.PathValue.pathValueDemo;
				PRODUCT_NAME = "$(TARGET_NAME)";
				TARGETED_DEVICE_FAMILY = "1,2";
			};
			name = Debug;
		};
		94D5F4EB243B445300522708 /* Release */ = {
			isa = XCBuildConfiguration;
			buildSettings = {
				ASSETCATALOG_COMPILER_APPICON_NAME = AppIcon;
				CODE_SIGN_STYLE = Automatic;
				DEVELOPMENT_TEAM = 98WF2PETE3;
				INFOPLIST_FILE = pathValueDemo/Info.plist;
				LD_RUNPATH_SEARCH_PATHS = (
					"$(inherited)",
					"@executable_path/Frameworks",
				);
				PRODUCT_BUNDLE_IDENTIFIER = com.blsmart.PathValue.pathValueDemo;
				PRODUCT_NAME = "$(TARGET_NAME)";
				TARGETED_DEVICE_FAMILY = "1,2";
			};
			name = Release;
		};
		94D5F4ED243B445300522708 /* Debug */ = {
			isa = XCBuildConfiguration;
			buildSettings = {
				BUNDLE_LOADER = "$(TEST_HOST)";
				CODE_SIGN_STYLE = Automatic;
				DEVELOPMENT_TEAM = 98WF2PETE3;
				INFOPLIST_FILE = pathValueDemoTests/Info.plist;
				IPHONEOS_DEPLOYMENT_TARGET = 13.4;
				LD_RUNPATH_SEARCH_PATHS = (
					"$(inherited)",
					"@executable_path/Frameworks",
					"@loader_path/Frameworks",
				);
				PRODUCT_BUNDLE_IDENTIFIER = com.blsmart.PathValue.pathValueDemoTests;
				PRODUCT_NAME = "$(TARGET_NAME)";
				TARGETED_DEVICE_FAMILY = "1,2";
				TEST_HOST = "$(BUILT_PRODUCTS_DIR)/pathValueDemo.app/pathValueDemo";
			};
			name = Debug;
		};
		94D5F4EE243B445300522708 /* Release */ = {
			isa = XCBuildConfiguration;
			buildSettings = {
				BUNDLE_LOADER = "$(TEST_HOST)";
				CODE_SIGN_STYLE = Automatic;
				DEVELOPMENT_TEAM = 98WF2PETE3;
				INFOPLIST_FILE = pathValueDemoTests/Info.plist;
				IPHONEOS_DEPLOYMENT_TARGET = 13.4;
				LD_RUNPATH_SEARCH_PATHS = (
					"$(inherited)",
					"@executable_path/Frameworks",
					"@loader_path/Frameworks",
				);
				PRODUCT_BUNDLE_IDENTIFIER = com.blsmart.PathValue.pathValueDemoTests;
				PRODUCT_NAME = "$(TARGET_NAME)";
				TARGETED_DEVICE_FAMILY = "1,2";
				TEST_HOST = "$(BUILT_PRODUCTS_DIR)/pathValueDemo.app/pathValueDemo";
			};
			name = Release;
		};
		94D5F4F0243B445300522708 /* Debug */ = {
			isa = XCBuildConfiguration;
			buildSettings = {
				CODE_SIGN_STYLE = Automatic;
				DEVELOPMENT_TEAM = 98WF2PETE3;
				INFOPLIST_FILE = pathValueDemoUITests/Info.plist;
				LD_RUNPATH_SEARCH_PATHS = (
					"$(inherited)",
					"@executable_path/Frameworks",
					"@loader_path/Frameworks",
				);
				PRODUCT_BUNDLE_IDENTIFIER = com.blsmart.PathValue.pathValueDemoUITests;
				PRODUCT_NAME = "$(TARGET_NAME)";
				TARGETED_DEVICE_FAMILY = "1,2";
				TEST_TARGET_NAME = pathValueDemo;
			};
			name = Debug;
		};
		94D5F4F1243B445300522708 /* Release */ = {
			isa = XCBuildConfiguration;
			buildSettings = {
				CODE_SIGN_STYLE = Automatic;
				DEVELOPMENT_TEAM = 98WF2PETE3;
				INFOPLIST_FILE = pathValueDemoUITests/Info.plist;
				LD_RUNPATH_SEARCH_PATHS = (
					"$(inherited)",
					"@executable_path/Frameworks",
					"@loader_path/Frameworks",
				);
				PRODUCT_BUNDLE_IDENTIFIER = com.blsmart.PathValue.pathValueDemoUITests;
				PRODUCT_NAME = "$(TARGET_NAME)";
				TARGETED_DEVICE_FAMILY = "1,2";
				TEST_TARGET_NAME = pathValueDemo;
			};
			name = Release;
		};
/* End XCBuildConfiguration section */

/* Begin XCConfigurationList section */
		94D5F4B5243B445000522708 /* Build configuration list for PBXProject "pathValueDemo" */ = {
			isa = XCConfigurationList;
			buildConfigurations = (
				94D5F4E7243B445300522708 /* Debug */,
				94D5F4E8243B445300522708 /* Release */,
			);
			defaultConfigurationIsVisible = 0;
			defaultConfigurationName = Release;
		};
		94D5F4E9243B445300522708 /* Build configuration list for PBXNativeTarget "pathValueDemo" */ = {
			isa = XCConfigurationList;
			buildConfigurations = (
				94D5F4EA243B445300522708 /* Debug */,
				94D5F4EB243B445300522708 /* Release */,
			);
			defaultConfigurationIsVisible = 0;
			defaultConfigurationName = Release;
		};
		94D5F4EC243B445300522708 /* Build configuration list for PBXNativeTarget "pathValueDemoTests" */ = {
			isa = XCConfigurationList;
			buildConfigurations = (
				94D5F4ED243B445300522708 /* Debug */,
				94D5F4EE243B445300522708 /* Release */,
			);
			defaultConfigurationIsVisible = 0;
			defaultConfigurationName = Release;
		};
		94D5F4EF243B445300522708 /* Build configuration list for PBXNativeTarget "pathValueDemoUITests" */ = {
			isa = XCConfigurationList;
			buildConfigurations = (
				94D5F4F0243B445300522708 /* Debug */,
				94D5F4F1243B445300522708 /* Release */,
			);
			defaultConfigurationIsVisible = 0;
			defaultConfigurationName = Release;
		};
/* End XCConfigurationList section */
	};
	rootObject = 94D5F4B2243B445000522708 /* Project object */;
}
